
Microsoft Visual Studio Solution File, Format Version 12.00
# Visual Studio 15
VisualStudioVersion = 15.0.27703.2035
MinimumVisualStudioVersion = 10.0.40219.1
Project("{FAE04EC0-301F-11D3-BF4B-00C04F79EFBC}") = "CollegeCourses", "CollegeCourses\CollegeCourses.csproj", "{3239ED27-6364-4000-8AEC-19962CCE0E5C}"
EndProject
Global
	GlobalSection(SolutionConfigurationPlatforms) = preSolution
		Debug|Any CPU = Debug|Any CPU
		Release|Any CPU = Release|Any CPU
	EndGlobalSection
	GlobalSection(ProjectConfigurationPlatforms) = postSolution
		{3239ED27-6364-4000-8AEC-19962CCE0E5C}.Debug|Any CPU.ActiveCfg = Debug|Any CPU
		{3239ED27-6364-4000-8AEC-19962CCE0E5C}.Debug|Any CPU.Build.0 = Debug|Any CPU
		{3239ED27-6364-4000-8AEC-19962CCE0E5C}.Release|Any CPU.ActiveCfg = Release|Any CPU
		{3239ED27-6364-4000-8AEC-19962CCE0E5C}.Release|Any CPU.Build.0 = Release|Any CPU
	EndGlobalSection
	GlobalSection(SolutionProperties) = preSolution
		HideSolutionNode = FALSE
	EndGlobalSection
	GlobalSection(ExtensibilityGlobals) = postSolution
		SolutionGuid = {FF0A3360-BB86-4241-AEB5-76F431AA6C8C}
	EndGlobalSection
EndGlobal
